
Microsoft Visual Studio Solution File, Format Version 12.00
# Visual Studio Version 17
VisualStudioVersion = 17.8.34525.116
MinimumVisualStudioVersion = 10.0.40219.1
Project("{FAE04EC0-301F-11D3-BF4B-00C04F79EFBC}") = "ControleFinancas", "ControleFinancas.csproj", "{91B92902-7492-4590-B926-91CAACE3663C}"
EndProject
Global
	GlobalSection(SolutionConfigurationPlatforms) = preSolution
		Debug|Any CPU = Debug|Any CPU
		Release|Any CPU = Release|Any CPU
	EndGlobalSection
	GlobalSection(ProjectConfigurationPlatforms) = postSolution
		{91B92902-7492-4590-B926-91CAACE3663C}.Debug|Any CPU.ActiveCfg = Debug|Any CPU
		{91B92902-7492-4590-B926-91CAACE3663C}.Debug|Any CPU.Build.0 = Debug|Any CPU
		{91B92902-7492-4590-B926-91CAACE3663C}.Release|Any CPU.ActiveCfg = Release|Any CPU
		{91B92902-7492-4590-B926-91CAACE3663C}.Release|Any CPU.Build.0 = Release|Any CPU
	EndGlobalSection
	GlobalSection(SolutionProperties) = preSolution
		HideSolutionNode = FALSE
	EndGlobalSection
	GlobalSection(ExtensibilityGlobals) = postSolution
		SolutionGuid = {27830487-25B2-4974-9794-A823864F6A0F}
	EndGlobalSection
EndGlobal
